<Solution>
  <Folder Name="/1-Models/">
    <Project Path="HotelManagementProject.Domain/HotelManagementProject.Domain.csproj" />
  </Folder>
  <Folder Name="/2-DataAccess/">
    <Project Path="HotelManagementProject.DataAccess/HotelManagementProject.DataAccess.csproj" />
    <Project Path="HotelManagementProject.Repository/HotelManagementProject.Repository.csproj" />
  </Folder>
</Solution>
